
Microsoft Visual Studio Solution File, Format Version 12.00
# Visual Studio 15
VisualStudioVersion = 15.0.26124.0
MinimumVisualStudioVersion = 15.0.26124.0
Project("{2150E333-8FDC-42A3-9474-1A3956D46DE8}") = "src", "src", "{B0910E47-ED2A-4ACB-AC6A-67B4C0D04C27}"
EndProject
Project("{FAE04EC0-301F-11D3-BF4B-00C04F79EFBC}") = "IRM.Contas.Domain", "src\IRM.Contas.Domain\IRM.Contas.Domain.csproj", "{327560CB-7E0B-44C9-8055-74C9E32F2809}"
EndProject
Project("{FAE04EC0-301F-11D3-BF4B-00C04F79EFBC}") = "IRM.Contas.Shared", "src\IRM.Contas.Shared\IRM.Contas.Shared.csproj", "{45938BCB-BB6F-441F-9FD0-9634E574B3EE}"
EndProject
Project("{2150E333-8FDC-42A3-9474-1A3956D46DE8}") = "tests", "tests", "{53ABD711-A64C-4B94-AF5D-EF9A9F11B15C}"
EndProject
Project("{FAE04EC0-301F-11D3-BF4B-00C04F79EFBC}") = "IRM.Contas.Domain.Tests", "tests\IRM.Contas.Domain.Tests\IRM.Contas.Domain.Tests.csproj", "{52DA6109-DC64-40E8-8A35-85FDD53BCD4A}"
EndProject
Project("{FAE04EC0-301F-11D3-BF4B-00C04F79EFBC}") = "IRM.Contas.Infra.Data", "src\IRM.Contas.Infra.Data\IRM.Contas.Infra.Data.csproj", "{D4984E6D-5F8F-44D5-958A-F0E23343CAEA}"
EndProject
Global
	GlobalSection(SolutionConfigurationPlatforms) = preSolution
		Debug|Any CPU = Debug|Any CPU
		Debug|x64 = Debug|x64
		Debug|x86 = Debug|x86
		Release|Any CPU = Release|Any CPU
		Release|x64 = Release|x64
		Release|x86 = Release|x86
	EndGlobalSection
	GlobalSection(SolutionProperties) = preSolution
		HideSolutionNode = FALSE
	EndGlobalSection
	GlobalSection(ProjectConfigurationPlatforms) = postSolution
		{327560CB-7E0B-44C9-8055-74C9E32F2809}.Debug|Any CPU.ActiveCfg = Debug|Any CPU
		{327560CB-7E0B-44C9-8055-74C9E32F2809}.Debug|Any CPU.Build.0 = Debug|Any CPU
		{327560CB-7E0B-44C9-8055-74C9E32F2809}.Debug|x64.ActiveCfg = Debug|Any CPU
		{327560CB-7E0B-44C9-8055-74C9E32F2809}.Debug|x64.Build.0 = Debug|Any CPU
		{327560CB-7E0B-44C9-8055-74C9E32F2809}.Debug|x86.ActiveCfg = Debug|Any CPU
		{327560CB-7E0B-44C9-8055-74C9E32F2809}.Debug|x86.Build.0 = Debug|Any CPU
		{327560CB-7E0B-44C9-8055-74C9E32F2809}.Release|Any CPU.ActiveCfg = Release|Any CPU
		{327560CB-7E0B-44C9-8055-74C9E32F2809}.Release|Any CPU.Build.0 = Release|Any CPU
		{327560CB-7E0B-44C9-8055-74C9E32F2809}.Release|x64.ActiveCfg = Release|Any CPU
		{327560CB-7E0B-44C9-8055-74C9E32F2809}.Release|x64.Build.0 = Release|Any CPU
		{327560CB-7E0B-44C9-8055-74C9E32F2809}.Release|x86.ActiveCfg = Release|Any CPU
		{327560CB-7E0B-44C9-8055-74C9E32F2809}.Release|x86.Build.0 = Release|Any CPU
		{45938BCB-BB6F-441F-9FD0-9634E574B3EE}.Debug|Any CPU.ActiveCfg = Debug|Any CPU
		{45938BCB-BB6F-441F-9FD0-9634E574B3EE}.Debug|Any CPU.Build.0 = Debug|Any CPU
		{45938BCB-BB6F-441F-9FD0-9634E574B3EE}.Debug|x64.ActiveCfg = Debug|Any CPU
		{45938BCB-BB6F-441F-9FD0-9634E574B3EE}.Debug|x64.Build.0 = Debug|Any CPU
		{45938BCB-BB6F-441F-9FD0-9634E574B3EE}.Debug|x86.ActiveCfg = Debug|Any CPU
		{45938BCB-BB6F-441F-9FD0-9634E574B3EE}.Debug|x86.Build.0 = Debug|Any CPU
		{45938BCB-BB6F-441F-9FD0-9634E574B3EE}.Release|Any CPU.ActiveCfg = Release|Any CPU
		{45938BCB-BB6F-441F-9FD0-9634E574B3EE}.Release|Any CPU.Build.0 = Release|Any CPU
		{45938BCB-BB6F-441F-9FD0-9634E574B3EE}.Release|x64.ActiveCfg = Release|Any CPU
		{45938BCB-BB6F-441F-9FD0-9634E574B3EE}.Release|x64.Build.0 = Release|Any CPU
		{45938BCB-BB6F-441F-9FD0-9634E574B3EE}.Release|x86.ActiveCfg = Release|Any CPU
		{45938BCB-BB6F-441F-9FD0-9634E574B3EE}.Release|x86.Build.0 = Release|Any CPU
		{52DA6109-DC64-40E8-8A35-85FDD53BCD4A}.Debug|Any CPU.ActiveCfg = Debug|Any CPU
		{52DA6109-DC64-40E8-8A35-85FDD53BCD4A}.Debug|Any CPU.Build.0 = Debug|Any CPU
		{52DA6109-DC64-40E8-8A35-85FDD53BCD4A}.Debug|x64.ActiveCfg = Debug|Any CPU
		{52DA6109-DC64-40E8-8A35-85FDD53BCD4A}.Debug|x64.Build.0 = Debug|Any CPU
		{52DA6109-DC64-40E8-8A35-85FDD53BCD4A}.Debug|x86.ActiveCfg = Debug|Any CPU
		{52DA6109-DC64-40E8-8A35-85FDD53BCD4A}.Debug|x86.Build.0 = Debug|Any CPU
		{52DA6109-DC64-40E8-8A35-85FDD53BCD4A}.Release|Any CPU.ActiveCfg = Release|Any CPU
		{52DA6109-DC64-40E8-8A35-85FDD53BCD4A}.Release|Any CPU.Build.0 = Release|Any CPU
		{52DA6109-DC64-40E8-8A35-85FDD53BCD4A}.Release|x64.ActiveCfg = Release|Any CPU
		{52DA6109-DC64-40E8-8A35-85FDD53BCD4A}.Release|x64.Build.0 = Release|Any CPU
		{52DA6109-DC64-40E8-8A35-85FDD53BCD4A}.Release|x86.ActiveCfg = Release|Any CPU
		{52DA6109-DC64-40E8-8A35-85FDD53BCD4A}.Release|x86.Build.0 = Release|Any CPU
		{D4984E6D-5F8F-44D5-958A-F0E23343CAEA}.Debug|Any CPU.ActiveCfg = Debug|Any CPU
		{D4984E6D-5F8F-44D5-958A-F0E23343CAEA}.Debug|Any CPU.Build.0 = Debug|Any CPU
		{D4984E6D-5F8F-44D5-958A-F0E23343CAEA}.Debug|x64.ActiveCfg = Debug|Any CPU
		{D4984E6D-5F8F-44D5-958A-F0E23343CAEA}.Debug|x64.Build.0 = Debug|Any CPU
		{D4984E6D-5F8F-44D5-958A-F0E23343CAEA}.Debug|x86.ActiveCfg = Debug|Any CPU
		{D4984E6D-5F8F-44D5-958A-F0E23343CAEA}.Debug|x86.Build.0 = Debug|Any CPU
		{D4984E6D-5F8F-44D5-958A-F0E23343CAEA}.Release|Any CPU.ActiveCfg = Release|Any CPU
		{D4984E6D-5F8F-44D5-958A-F0E23343CAEA}.Release|Any CPU.Build.0 = Release|Any CPU
		{D4984E6D-5F8F-44D5-958A-F0E23343CAEA}.Release|x64.ActiveCfg = Release|Any CPU
		{D4984E6D-5F8F-44D5-958A-F0E23343CAEA}.Release|x64.Build.0 = Release|Any CPU
		{D4984E6D-5F8F-44D5-958A-F0E23343CAEA}.Release|x86.ActiveCfg = Release|Any CPU
		{D4984E6D-5F8F-44D5-958A-F0E23343CAEA}.Release|x86.Build.0 = Release|Any CPU
	EndGlobalSection
	GlobalSection(NestedProjects) = preSolution
		{327560CB-7E0B-44C9-8055-74C9E32F2809} = {B0910E47-ED2A-4ACB-AC6A-67B4C0D04C27}
		{45938BCB-BB6F-441F-9FD0-9634E574B3EE} = {B0910E47-ED2A-4ACB-AC6A-67B4C0D04C27}
		{52DA6109-DC64-40E8-8A35-85FDD53BCD4A} = {53ABD711-A64C-4B94-AF5D-EF9A9F11B15C}
		{D4984E6D-5F8F-44D5-958A-F0E23343CAEA} = {B0910E47-ED2A-4ACB-AC6A-67B4C0D04C27}
	EndGlobalSection
EndGlobal
